
Microsoft Visual Studio Solution File, Format Version 12.00
# Visual Studio Version 17
VisualStudioVersion = 17.8.34525.116
MinimumVisualStudioVersion = 10.0.40219.1
Project("{FAE04EC0-301F-11D3-BF4B-00C04F79EFBC}") = "MauiAppEtecFlix", "MauiAppEtecFlix\MauiAppEtecFlix.csproj", "{35392B06-BBAF-4A74-BA14-8DFE528BBFEF}"
EndProject
Global
	GlobalSection(SolutionConfigurationPlatforms) = preSolution
		Debug|Any CPU = Debug|Any CPU
		Release|Any CPU = Release|Any CPU
	EndGlobalSection
	GlobalSection(ProjectConfigurationPlatforms) = postSolution
		{35392B06-BBAF-4A74-BA14-8DFE528BBFEF}.Debug|Any CPU.ActiveCfg = Debug|Any CPU
		{35392B06-BBAF-4A74-BA14-8DFE528BBFEF}.Debug|Any CPU.Build.0 = Debug|Any CPU
		{35392B06-BBAF-4A74-BA14-8DFE528BBFEF}.Debug|Any CPU.Deploy.0 = Debug|Any CPU
		{35392B06-BBAF-4A74-BA14-8DFE528BBFEF}.Release|Any CPU.ActiveCfg = Release|Any CPU
		{35392B06-BBAF-4A74-BA14-8DFE528BBFEF}.Release|Any CPU.Build.0 = Release|Any CPU
		{35392B06-BBAF-4A74-BA14-8DFE528BBFEF}.Release|Any CPU.Deploy.0 = Release|Any CPU
	EndGlobalSection
	GlobalSection(SolutionProperties) = preSolution
		HideSolutionNode = FALSE
	EndGlobalSection
	GlobalSection(ExtensibilityGlobals) = postSolution
		SolutionGuid = {DC9585B1-39A1-493C-BCBD-C55AD4C174AC}
	EndGlobalSection
EndGlobal
